// !$*UTF8*$!
{
	archiveVersion = 1;
	classes = {
	};
	objectVersion = 77;
	objects = {

/* Begin PBXBuildFile section */
		8620EB7D2ECFC053008E4DE8 /* RelaxVibrationScreen.swift in Sources */ = {isa = PBXBuildFile; fileRef = 8620EB7C2ECFC053008E4DE8 /* RelaxVibrationScreen.swift */; };
		8699B5B72ECDBC9F006EFF73 /* Preview Assets.xcassets in Resources */ = {isa = PBXBuildFile; fileRef = 8699B5B12ECDBC9F006EFF73 /* Preview Assets.xcassets */; };
		8699B5B82ECDBC9F006EFF73 /* Assets.xcassets in Resources */ = {isa = PBXBuildFile; fileRef = 8699B5B32ECDBC9F006EFF73 /* Assets.xcassets */; };
		8699B5B92ECDBC9F006EFF73 /* ContentView.swift in Sources */ = {isa = PBXBuildFile; fileRef = 8699B5B42ECDBC9F006EFF73 /* ContentView.swift */; };
		8699B5BA2ECDBC9F006EFF73 /* TactilCalmApp.swift in Sources */ = {isa = PBXBuildFile; fileRef = 8699B5B52ECDBC9F006EFF73 /* TactilCalmApp.swift */; };
		8699B5BC2ECDBCAC006EFF73 /* LockView.swift in Sources */ = {isa = PBXBuildFile; fileRef = 8699B5BB2ECDBCAC006EFF73 /* LockView.swift */; };
		8699B5BE2ECDBCB8006EFF73 /* SliderView.swift in Sources */ = {isa = PBXBuildFile; fileRef = 8699B5BD2ECDBCB8006EFF73 /* SliderView.swift */; };
		8699B5C02ECDBCCB006EFF73 /* HapticManagerFirst.swift in Sources */ = {isa = PBXBuildFile; fileRef = 8699B5BF2ECDBCCB006EFF73 /* HapticManagerFirst.swift */; };
		86DC52712ECF19B300D1A5EF /* EndlessView.swift in Sources */ = {isa = PBXBuildFile; fileRef = 86DC52702ECF19B300D1A5EF /* EndlessView.swift */; };
/* End PBXBuildFile section */

/* Begin PBXFileReference section */
		8620EB7C2ECFC053008E4DE8 /* RelaxVibrationScreen.swift */ = {isa = PBXFileReference; lastKnownFileType = sourcecode.swift; path = RelaxVibrationScreen.swift; sourceTree = "<group>"; };
		8699B5A02ECDBC6F006EFF73 /* TactilCalm.app */ = {isa = PBXFileReference; explicitFileType = wrapper.application; includeInIndex = 0; path = TactilCalm.app; sourceTree = BUILT_PRODUCTS_DIR; };
		8699B5B12ECDBC9F006EFF73 /* Preview Assets.xcassets */ = {isa = PBXFileReference; lastKnownFileType = folder.assetcatalog; path = "Preview Assets.xcassets"; sourceTree = "<group>"; };
		8699B5B32ECDBC9F006EFF73 /* Assets.xcassets */ = {isa = PBXFileReference; lastKnownFileType = folder.assetcatalog; path = Assets.xcassets; sourceTree = "<group>"; };
		8699B5B42ECDBC9F006EFF73 /* ContentView.swift */ = {isa = PBXFileReference; lastKnownFileType = sourcecode.swift; path = ContentView.swift; sourceTree = "<group>"; };
		8699B5B52ECDBC9F006EFF73 /* TactilCalmApp.swift */ = {isa = PBXFileReference; lastKnownFileType = sourcecode.swift; path = TactilCalmApp.swift; sourceTree = "<group>"; };
		8699B5BB2ECDBCAC006EFF73 /* LockView.swift */ = {isa = PBXFileReference; lastKnownFileType = sourcecode.swift; path = LockView.swift; sourceTree = "<group>"; };
		8699B5BD2ECDBCB8006EFF73 /* SliderView.swift */ = {isa = PBXFileReference; lastKnownFileType = sourcecode.swift; path = SliderView.swift; sourceTree = "<group>"; };
		8699B5BF2ECDBCCB006EFF73 /* HapticManagerFirst.swift */ = {isa = PBXFileReference; lastKnownFileType = sourcecode.swift; path = HapticManagerFirst.swift; sourceTree = "<group>"; };
		86DC52702ECF19B300D1A5EF /* EndlessView.swift */ = {isa = PBXFileReference; lastKnownFileType = sourcecode.swift; path = EndlessView.swift; sourceTree = "<group>"; };
/* End PBXFileReference section */

/* Begin PBXFrameworksBuildPhase section */
		8699B59D2ECDBC6F006EFF73 /* Frameworks */ = {
			isa = PBXFrameworksBuildPhase;
			buildActionMask = 2147483647;
			files = (
			);
			runOnlyForDeploymentPostprocessing = 0;
		};
/* End PBXFrameworksBuildPhase section */

/* Begin PBXGroup section */
		8699B5972ECDBC6F006EFF73 = {
			isa = PBXGroup;
			children = (
				8699B5B62ECDBC9F006EFF73 /* TactilCalm */,
				8699B5A12ECDBC6F006EFF73 /* Products */,
			);
			sourceTree = "<group>";
		};
		8699B5A12ECDBC6F006EFF73 /* Products */ = {
			isa = PBXGroup;
			children = (
				8699B5A02ECDBC6F006EFF73 /* TactilCalm.app */,
			);
			name = Products;
			sourceTree = "<group>";
		};
		8699B5B22ECDBC9F006EFF73 /* Preview Content */ = {
			isa = PBXGroup;
			children = (
				8699B5B12ECDBC9F006EFF73 /* Preview Assets.xcassets */,
			);
			path = "Preview Content";
			sourceTree = "<group>";
		};
		8699B5B62ECDBC9F006EFF73 /* TactilCalm */ = {
			isa = PBXGroup;
			children = (
				8699B5B22ECDBC9F006EFF73 /* Preview Content */,
				8699B5B32ECDBC9F006EFF73 /* Assets.xcassets */,
				8620EB7C2ECFC053008E4DE8 /* RelaxVibrationScreen.swift */,
				8699B5B52ECDBC9F006EFF73 /* TactilCalmApp.swift */,
				8699B5B42ECDBC9F006EFF73 /* ContentView.swift */,
				8699B5BB2ECDBCAC006EFF73 /* LockView.swift */,
				8699B5BD2ECDBCB8006EFF73 /* SliderView.swift */,
				8699B5BF2ECDBCCB006EFF73 /* HapticManagerFirst.swift */,
				86DC52702ECF19B300D1A5EF /* EndlessView.swift */,
			);
			path = TactilCalm;
			sourceTree = "<group>";
		};
/* End PBXGroup section */

/* Begin PBXNativeTarget section */
		8699B59F2ECDBC6F006EFF73 /* TactilCalm */ = {
			isa = PBXNativeTarget;
			buildConfigurationList = 8699B5AE2ECDBC71006EFF73 /* Build configuration list for PBXNativeTarget "TactilCalm" */;
			buildPhases = (
				8699B59C2ECDBC6F006EFF73 /* Sources */,
				8699B59D2ECDBC6F006EFF73 /* Frameworks */,
				8699B59E2ECDBC6F006EFF73 /* Resources */,
			);
			buildRules = (
			);
			dependencies = (
			);
			name = TactilCalm;
			packageProductDependencies = (
			);
			productName = TactilCalm;
			productReference = 8699B5A02ECDBC6F006EFF73 /* TactilCalm.app */;
			productType = "com.apple.product-type.application";
		};
/* End PBXNativeTarget section */

/* Begin PBXProject section */
		8699B5982ECDBC6F006EFF73 /* Project object */ = {
			isa = PBXProject;
			attributes = {
				BuildIndependentTargetsInParallel = 1;
				LastSwiftUpdateCheck = 1620;
				LastUpgradeCheck = 1620;
				TargetAttributes = {
					8699B59F2ECDBC6F006EFF73 = {
						CreatedOnToolsVersion = 16.2;
					};
				};
			};
			buildConfigurationList = 8699B59B2ECDBC6F006EFF73 /* Build configuration list for PBXProject "TactilCalm" */;
			developmentRegion = en;
			hasScannedForEncodings = 0;
			knownRegions = (
				en,
				Base,
			);
			mainGroup = 8699B5972ECDBC6F006EFF73;
			minimizedProjectReferenceProxies = 1;
			preferredProjectObjectVersion = 77;
			productRefGroup = 8699B5A12ECDBC6F006EFF73 /* Products */;
			projectDirPath = "";
			projectRoot = "";
			targets = (
				8699B59F2ECDBC6F006EFF73 /* TactilCalm */,
			);
		};
/* End PBXProject section */

/* Begin PBXResourcesBuildPhase section */
		8699B59E2ECDBC6F006EFF73 /* Resources */ = {
			isa = PBXResourcesBuildPhase;
			buildActionMask = 2147483647;
			files = (
				8699B5B72ECDBC9F006EFF73 /* Preview Assets.xcassets in Resources */,
				8699B5B82ECDBC9F006EFF73 /* Assets.xcassets in Resources */,
			);
			runOnlyForDeploymentPostprocessing = 0;
		};
/* End PBXResourcesBuildPhase section */

/* Begin PBXSourcesBuildPhase section */
		8699B59C2ECDBC6F006EFF73 /* Sources */ = {
			isa = PBXSourcesBuildPhase;
			buildActionMask = 2147483647;
			files = (
				8699B5B92ECDBC9F006EFF73 /* ContentView.swift in Sources */,
				86DC52712ECF19B300D1A5EF /* EndlessView.swift in Sources */,
				8620EB7D2ECFC053008E4DE8 /* RelaxVibrationScreen.swift in Sources */,
				8699B5BE2ECDBCB8006EFF73 /* SliderView.swift in Sources */,
				8699B5BA2ECDBC9F006EFF73 /* TactilCalmApp.swift in Sources */,
				8699B5BC2ECDBCAC006EFF73 /* LockView.swift in Sources */,
				8699B5C02ECDBCCB006EFF73 /* HapticManagerFirst.swift in Sources */,
			);
			runOnlyForDeploymentPostprocessing = 0;
		};
/* End PBXSourcesBuildPhase section */

/* Begin XCBuildConfiguration section */
		8699B5AC2ECDBC71006EFF73 /* Debug */ = {
			isa = XCBuildConfiguration;
			buildSettings = {
				ALWAYS_SEARCH_USER_PATHS = NO;
				ASSETCATALOG_COMPILER_GENERATE_SWIFT_ASSET_SYMBOL_EXTENSIONS = YES;
				CLANG_ANALYZER_NONNULL = YES;
				CLANG_ANALYZER_NUMBER_OBJECT_CONVERSION = YES_AGGRESSIVE;
				CLANG_CXX_LANGUAGE_STANDARD = "gnu++20";
				CLANG_ENABLE_MODULES = YES;
				CLANG_ENABLE_OBJC_ARC = YES;
				CLANG_ENABLE_OBJC_WEAK = YES;
				CLANG_WARN_BLOCK_CAPTURE_AUTORELEASING = YES;
				CLANG_WARN_BOOL_CONVERSION = YES;
				CLANG_WARN_COMMA = YES;
				CLANG_WARN_CONSTANT_CONVERSION = YES;
				CLANG_WARN_DEPRECATED_OBJC_IMPLEMENTATIONS = YES;
				CLANG_WARN_DIRECT_OBJC_ISA_USAGE = YES_ERROR;
				CLANG_WARN_DOCUMENTATION_COMMENTS = YES;
				CLANG_WARN_EMPTY_BODY = YES;
				CLANG_WARN_ENUM_CONVERSION = YES;
				CLANG_WARN_INFINITE_RECURSION = YES;
				CLANG_WARN_INT_CONVERSION = YES;
				CLANG_WARN_NON_LITERAL_NULL_CONVERSION = YES;
				CLANG_WARN_OBJC_IMPLICIT_RETAIN_SELF = YES;
				CLANG_WARN_OBJC_LITERAL_CONVERSION = YES;
				CLANG_WARN_OBJC_ROOT_CLASS = YES_ERROR;
				CLANG_WARN_QUOTED_INCLUDE_IN_FRAMEWORK_HEADER = YES;
				CLANG_WARN_RANGE_LOOP_ANALYSIS = YES;
				CLANG_WARN_STRICT_PROTOTYPES = YES;
				CLANG_WARN_SUSPICIOUS_MOVE = YES;
				CLANG_WARN_UNGUARDED_AVAILABILITY = YES_AGGRESSIVE;
				CLANG_WARN_UNREACHABLE_CODE = YES;
				CLANG_WARN__DUPLICATE_METHOD_MATCH = YES;
				COPY_PHASE_STRIP = NO;
				DEBUG_INFORMATION_FORMAT = dwarf;
				ENABLE_STRICT_OBJC_MSGSEND = YES;
				ENABLE_TESTABILITY = YES;
				ENABLE_USER_SCRIPT_SANDBOXING = YES;
				GCC_C_LANGUAGE_STANDARD = gnu17;
				GCC_DYNAMIC_NO_PIC = NO;
				GCC_NO_COMMON_BLOCKS = YES;
				GCC_OPTIMIZATION_LEVEL = 0;
				GCC_PREPROCESSOR_DEFINITIONS = (
					"DEBUG=1",
					"$(inherited)",
				);
				GCC_WARN_64_TO_32_BIT_CONVERSION = YES;
				GCC_WARN_ABOUT_RETURN_TYPE = YES_ERROR;
				GCC_WARN_UNDECLARED_SELECTOR = YES;
				GCC_WARN_UNINITIALIZED_AUTOS = YES_AGGRESSIVE;
				GCC_WARN_UNUSED_FUNCTION = YES;
				GCC_WARN_UNUSED_VARIABLE = YES;
				IPHONEOS_DEPLOYMENT_TARGET = 18.2;
				LOCALIZATION_PREFERS_STRING_CATALOGS = YES;
				MTL_ENABLE_DEBUG_INFO = INCLUDE_SOURCE;
				MTL_FAST_MATH = YES;
				ONLY_ACTIVE_ARCH = YES;
				SDKROOT = iphoneos;
				SWIFT_ACTIVE_COMPILATION_CONDITIONS = "DEBUG $(inherited)";
				SWIFT_OPTIMIZATION_LEVEL = "-Onone";
			};
			name = Debug;
		};
		8699B5AD2ECDBC71006EFF73 /* Release */ = {
			isa = XCBuildConfiguration;
			buildSettings = {
				ALWAYS_SEARCH_USER_PATHS = NO;
				ASSETCATALOG_COMPILER_GENERATE_SWIFT_ASSET_SYMBOL_EXTENSIONS = YES;
				CLANG_ANALYZER_NONNULL = YES;
				CLANG_ANALYZER_NUMBER_OBJECT_CONVERSION = YES_AGGRESSIVE;
				CLANG_CXX_LANGUAGE_STANDARD = "gnu++20";
				CLANG_ENABLE_MODULES = YES;
				CLANG_ENABLE_OBJC_ARC = YES;
				CLANG_ENABLE_OBJC_WEAK = YES;
				CLANG_WARN_BLOCK_CAPTURE_AUTORELEASING = YES;
				CLANG_WARN_BOOL_CONVERSION = YES;
				CLANG_WARN_COMMA = YES;
				CLANG_WARN_CONSTANT_CONVERSION = YES;
				CLANG_WARN_DEPRECATED_OBJC_IMPLEMENTATIONS = YES;
				CLANG_WARN_DIRECT_OBJC_ISA_USAGE = YES_ERROR;
				CLANG_WARN_DOCUMENTATION_COMMENTS = YES;
				CLANG_WARN_EMPTY_BODY = YES;
				CLANG_WARN_ENUM_CONVERSION = YES;
				CLANG_WARN_INFINITE_RECURSION = YES;
				CLANG_WARN_INT_CONVERSION = YES;
				CLANG_WARN_NON_LITERAL_NULL_CONVERSION = YES;
				CLANG_WARN_OBJC_IMPLICIT_RETAIN_SELF = YES;
				CLANG_WARN_OBJC_LITERAL_CONVERSION = YES;
				CLANG_WARN_OBJC_ROOT_CLASS = YES_ERROR;
				CLANG_WARN_QUOTED_INCLUDE_IN_FRAMEWORK_HEADER = YES;
				CLANG_WARN_RANGE_LOOP_ANALYSIS = YES;
				CLANG_WARN_STRICT_PROTOTYPES = YES;
				CLANG_WARN_SUSPICIOUS_MOVE = YES;
				CLANG_WARN_UNGUARDED_AVAILABILITY = YES_AGGRESSIVE;
				CLANG_WARN_UNREACHABLE_CODE = YES;
				CLANG_WARN__DUPLICATE_METHOD_MATCH = YES;
				COPY_PHASE_STRIP = NO;
				DEBUG_INFORMATION_FORMAT = "dwarf-with-dsym";
				ENABLE_NS_ASSERTIONS = NO;
				ENABLE_STRICT_OBJC_MSGSEND = YES;
				ENABLE_USER_SCRIPT_SANDBOXING = YES;
				GCC_C_LANGUAGE_STANDARD = gnu17;
				GCC_NO_COMMON_BLOCKS = YES;
				GCC_WARN_64_TO_32_BIT_CONVERSION = YES;
				GCC_WARN_ABOUT_RETURN_TYPE = YES_ERROR;
				GCC_WARN_UNDECLARED_SELECTOR = YES;
				GCC_WARN_UNINITIALIZED_AUTOS = YES_AGGRESSIVE;
				GCC_WARN_UNUSED_FUNCTION = YES;
				GCC_WARN_UNUSED_VARIABLE = YES;
				IPHONEOS_DEPLOYMENT_TARGET = 18.2;
				LOCALIZATION_PREFERS_STRING_CATALOGS = YES;
				MTL_ENABLE_DEBUG_INFO = NO;
				MTL_FAST_MATH = YES;
				SDKROOT = iphoneos;
				SWIFT_COMPILATION_MODE = wholemodule;
				VALIDATE_PRODUCT = YES;
			};
			name = Release;
		};
		8699B5AF2ECDBC71006EFF73 /* Debug */ = {
			isa = XCBuildConfiguration;
			buildSettings = {
				ASSETCATALOG_COMPILER_APPICON_NAME = AppIcon;
				ASSETCATALOG_COMPILER_GLOBAL_ACCENT_COLOR_NAME = AccentColor;
				CODE_SIGN_STYLE = Automatic;
				CURRENT_PROJECT_VERSION = 1;
				DEVELOPMENT_ASSET_PATHS = "\"TactilCalm/Preview Content\"";
				ENABLE_PREVIEWS = YES;
				ENABLE_USER_SCRIPT_SANDBOXING = NO;
				GENERATE_INFOPLIST_FILE = YES;
				INFOPLIST_KEY_UIApplicationSceneManifest_Generation = YES;
				INFOPLIST_KEY_UIApplicationSupportsIndirectInputEvents = YES;
				INFOPLIST_KEY_UILaunchScreen_Generation = YES;
				INFOPLIST_KEY_UISupportedInterfaceOrientations_iPad = "UIInterfaceOrientationPortrait UIInterfaceOrientationPortraitUpsideDown UIInterfaceOrientationLandscapeLeft UIInterfaceOrientationLandscapeRight";
				INFOPLIST_KEY_UISupportedInterfaceOrientations_iPhone = "UIInterfaceOrientationPortrait UIInterfaceOrientationLandscapeLeft UIInterfaceOrientationLandscapeRight";
				IPHONEOS_DEPLOYMENT_TARGET = 16.2;
				LD_RUNPATH_SEARCH_PATHS = (
					"$(inherited)",
					"@executable_path/Frameworks",
				);
				MARKETING_VERSION = 1.0;
				PRODUCT_BUNDLE_IDENTIFIER = "com.Tactil-Calm";
				PRODUCT_NAME = "$(TARGET_NAME)";
				SUPPORTED_PLATFORMS = "iphoneos iphonesimulator";
				SUPPORTS_MACCATALYST = NO;
				SUPPORTS_MAC_DESIGNED_FOR_IPHONE_IPAD = NO;
				SUPPORTS_XR_DESIGNED_FOR_IPHONE_IPAD = NO;
				SWIFT_EMIT_LOC_STRINGS = YES;
				SWIFT_VERSION = 5.0;
				TARGETED_DEVICE_FAMILY = 1;
			};
			name = Debug;
		};
		8699B5B02ECDBC71006EFF73 /* Release */ = {
			isa = XCBuildConfiguration;
			buildSettings = {
				ASSETCATALOG_COMPILER_APPICON_NAME = AppIcon;
				ASSETCATALOG_COMPILER_GLOBAL_ACCENT_COLOR_NAME = AccentColor;
				CODE_SIGN_STYLE = Automatic;
				CURRENT_PROJECT_VERSION = 1;
				DEVELOPMENT_ASSET_PATHS = "\"TactilCalm/Preview Content\"";
				ENABLE_PREVIEWS = YES;
				ENABLE_USER_SCRIPT_SANDBOXING = NO;
				GENERATE_INFOPLIST_FILE = YES;
				INFOPLIST_KEY_UIApplicationSceneManifest_Generation = YES;
				INFOPLIST_KEY_UIApplicationSupportsIndirectInputEvents = YES;
				INFOPLIST_KEY_UILaunchScreen_Generation = YES;
				INFOPLIST_KEY_UISupportedInterfaceOrientations_iPad = "UIInterfaceOrientationPortrait UIInterfaceOrientationPortraitUpsideDown UIInterfaceOrientationLandscapeLeft UIInterfaceOrientationLandscapeRight";
				INFOPLIST_KEY_UISupportedInterfaceOrientations_iPhone = "UIInterfaceOrientationPortrait UIInterfaceOrientationLandscapeLeft UIInterfaceOrientationLandscapeRight";
				IPHONEOS_DEPLOYMENT_TARGET = 16.2;
				LD_RUNPATH_SEARCH_PATHS = (
					"$(inherited)",
					"@executable_path/Frameworks",
				);
				MARKETING_VERSION = 1.0;
				PRODUCT_BUNDLE_IDENTIFIER = "com.Tactil-Calm";
				PRODUCT_NAME = "$(TARGET_NAME)";
				SUPPORTED_PLATFORMS = "iphoneos iphonesimulator";
				SUPPORTS_MACCATALYST = NO;
				SUPPORTS_MAC_DESIGNED_FOR_IPHONE_IPAD = NO;
				SUPPORTS_XR_DESIGNED_FOR_IPHONE_IPAD = NO;
				SWIFT_EMIT_LOC_STRINGS = YES;
				SWIFT_VERSION = 5.0;
				TARGETED_DEVICE_FAMILY = 1;
			};
			name = Release;
		};
/* End XCBuildConfiguration section */

/* Begin XCConfigurationList section */
		8699B59B2ECDBC6F006EFF73 /* Build configuration list for PBXProject "TactilCalm" */ = {
			isa = XCConfigurationList;
			buildConfigurations = (
				8699B5AC2ECDBC71006EFF73 /* Debug */,
				8699B5AD2ECDBC71006EFF73 /* Release */,
			);
			defaultConfigurationIsVisible = 0;
			defaultConfigurationName = Release;
		};
		8699B5AE2ECDBC71006EFF73 /* Build configuration list for PBXNativeTarget "TactilCalm" */ = {
			isa = XCConfigurationList;
			buildConfigurations = (
				8699B5AF2ECDBC71006EFF73 /* Debug */,
				8699B5B02ECDBC71006EFF73 /* Release */,
			);
			defaultConfigurationIsVisible = 0;
			defaultConfigurationName = Release;
		};
/* End XCConfigurationList section */
	};
	rootObject = 8699B5982ECDBC6F006EFF73 /* Project object */;
}
