// !$*UTF8*$!
{
	archiveVersion = 1;
	classes = {
	};
	objectVersion = 77;
	objects = {

/* Begin PBXBuildFile section */
		13A9392EF029E7B080DFAE04 /* Pods_Tactil_Calm.framework in Frameworks */ = {isa = PBXBuildFile; fileRef = 070A2AE4785BEB8F625C9EC2 /* Pods_Tactil_Calm.framework */; };
		8699B58D2ECCC321006EFF73 /* Preview Assets.xcassets in Resources */ = {isa = PBXBuildFile; fileRef = 8699B5872ECCC321006EFF73 /* Preview Assets.xcassets */; };
		8699B58E2ECCC321006EFF73 /* Assets.xcassets in Resources */ = {isa = PBXBuildFile; fileRef = 8699B5892ECCC321006EFF73 /* Assets.xcassets */; };
		8699B58F2ECCC321006EFF73 /* ContentView.swift in Sources */ = {isa = PBXBuildFile; fileRef = 8699B58A2ECCC321006EFF73 /* ContentView.swift */; };
		8699B5902ECCC321006EFF73 /* Tactil_CalmApp.swift in Sources */ = {isa = PBXBuildFile; fileRef = 8699B58B2ECCC321006EFF73 /* Tactil_CalmApp.swift */; };
		8699B5922ECCC33C006EFF73 /* HapticManager.swift in Sources */ = {isa = PBXBuildFile; fileRef = 8699B5912ECCC33C006EFF73 /* HapticManager.swift */; };
		8699B5942ECCC6AC006EFF73 /* SliderView.swift in Sources */ = {isa = PBXBuildFile; fileRef = 8699B5932ECCC6AC006EFF73 /* SliderView.swift */; };
		8699B5962ECCC6BF006EFF73 /* LockView.swift in Sources */ = {isa = PBXBuildFile; fileRef = 8699B5952ECCC6BF006EFF73 /* LockView.swift */; };
/* End PBXBuildFile section */

/* Begin PBXFileReference section */
		070A2AE4785BEB8F625C9EC2 /* Pods_Tactil_Calm.framework */ = {isa = PBXFileReference; explicitFileType = wrapper.framework; includeInIndex = 0; path = Pods_Tactil_Calm.framework; sourceTree = BUILT_PRODUCTS_DIR; };
		1D3B1121F613A7F6BF98E5F9 /* Pods-Tactil-Calm.release.xcconfig */ = {isa = PBXFileReference; includeInIndex = 1; lastKnownFileType = text.xcconfig; name = "Pods-Tactil-Calm.release.xcconfig"; path = "Target Support Files/Pods-Tactil-Calm/Pods-Tactil-Calm.release.xcconfig"; sourceTree = "<group>"; };
		8699B5762ECCC315006EFF73 /* Tactil-Calm.app */ = {isa = PBXFileReference; explicitFileType = wrapper.application; includeInIndex = 0; path = "Tactil-Calm.app"; sourceTree = BUILT_PRODUCTS_DIR; };
		8699B5872ECCC321006EFF73 /* Preview Assets.xcassets */ = {isa = PBXFileReference; lastKnownFileType = folder.assetcatalog; path = "Preview Assets.xcassets"; sourceTree = "<group>"; };
		8699B5892ECCC321006EFF73 /* Assets.xcassets */ = {isa = PBXFileReference; lastKnownFileType = folder.assetcatalog; path = Assets.xcassets; sourceTree = "<group>"; };
		8699B58A2ECCC321006EFF73 /* ContentView.swift */ = {isa = PBXFileReference; lastKnownFileType = sourcecode.swift; path = ContentView.swift; sourceTree = "<group>"; };
		8699B58B2ECCC321006EFF73 /* Tactil_CalmApp.swift */ = {isa = PBXFileReference; lastKnownFileType = sourcecode.swift; path = Tactil_CalmApp.swift; sourceTree = "<group>"; };
		8699B5912ECCC33C006EFF73 /* HapticManager.swift */ = {isa = PBXFileReference; lastKnownFileType = sourcecode.swift; path = HapticManager.swift; sourceTree = "<group>"; };
		8699B5932ECCC6AC006EFF73 /* SliderView.swift */ = {isa = PBXFileReference; lastKnownFileType = sourcecode.swift; path = SliderView.swift; sourceTree = "<group>"; };
		8699B5952ECCC6BF006EFF73 /* LockView.swift */ = {isa = PBXFileReference; lastKnownFileType = sourcecode.swift; path = LockView.swift; sourceTree = "<group>"; };
		E1A1C2FA21D00009054CA798 /* Pods-Tactil-Calm.debug.xcconfig */ = {isa = PBXFileReference; includeInIndex = 1; lastKnownFileType = text.xcconfig; name = "Pods-Tactil-Calm.debug.xcconfig"; path = "Target Support Files/Pods-Tactil-Calm/Pods-Tactil-Calm.debug.xcconfig"; sourceTree = "<group>"; };
/* End PBXFileReference section */

/* Begin PBXFrameworksBuildPhase section */
		8699B5732ECCC315006EFF73 /* Frameworks */ = {
			isa = PBXFrameworksBuildPhase;
			buildActionMask = 2147483647;
			files = (
				13A9392EF029E7B080DFAE04 /* Pods_Tactil_Calm.framework in Frameworks */,
			);
			runOnlyForDeploymentPostprocessing = 0;
		};
/* End PBXFrameworksBuildPhase section */

/* Begin PBXGroup section */
		267981A827671F1464DA1639 /* Frameworks */ = {
			isa = PBXGroup;
			children = (
				070A2AE4785BEB8F625C9EC2 /* Pods_Tactil_Calm.framework */,
			);
			name = Frameworks;
			sourceTree = "<group>";
		};
		5B2277FC2571B15C1B4604EE /* Pods */ = {
			isa = PBXGroup;
			children = (
				E1A1C2FA21D00009054CA798 /* Pods-Tactil-Calm.debug.xcconfig */,
				1D3B1121F613A7F6BF98E5F9 /* Pods-Tactil-Calm.release.xcconfig */,
			);
			name = Pods;
			path = Pods;
			sourceTree = "<group>";
		};
		8699B56D2ECCC315006EFF73 = {
			isa = PBXGroup;
			children = (
				8699B58C2ECCC321006EFF73 /* Tactil-Calm */,
				8699B5772ECCC315006EFF73 /* Products */,
				5B2277FC2571B15C1B4604EE /* Pods */,
				267981A827671F1464DA1639 /* Frameworks */,
			);
			sourceTree = "<group>";
		};
		8699B5772ECCC315006EFF73 /* Products */ = {
			isa = PBXGroup;
			children = (
				8699B5762ECCC315006EFF73 /* Tactil-Calm.app */,
			);
			name = Products;
			sourceTree = "<group>";
		};
		8699B5882ECCC321006EFF73 /* Preview Content */ = {
			isa = PBXGroup;
			children = (
				8699B5872ECCC321006EFF73 /* Preview Assets.xcassets */,
				8699B58B2ECCC321006EFF73 /* Tactil_CalmApp.swift */,
				8699B58A2ECCC321006EFF73 /* ContentView.swift */,
				8699B5952ECCC6BF006EFF73 /* LockView.swift */,
				8699B5932ECCC6AC006EFF73 /* SliderView.swift */,
				8699B5912ECCC33C006EFF73 /* HapticManager.swift */,
			);
			path = "Preview Content";
			sourceTree = "<group>";
		};
		8699B58C2ECCC321006EFF73 /* Tactil-Calm */ = {
			isa = PBXGroup;
			children = (
				8699B5882ECCC321006EFF73 /* Preview Content */,
				8699B5892ECCC321006EFF73 /* Assets.xcassets */,
			);
			path = "Tactil-Calm";
			sourceTree = "<group>";
		};
/* End PBXGroup section */

/* Begin PBXNativeTarget section */
		8699B5752ECCC315006EFF73 /* Tactil-Calm */ = {
			isa = PBXNativeTarget;
			buildConfigurationList = 8699B5842ECCC317006EFF73 /* Build configuration list for PBXNativeTarget "Tactil-Calm" */;
			buildPhases = (
				191A5A1EFFA3A4FA4D186969 /* [CP] Check Pods Manifest.lock */,
				8699B5722ECCC315006EFF73 /* Sources */,
				8699B5732ECCC315006EFF73 /* Frameworks */,
				8699B5742ECCC315006EFF73 /* Resources */,
				C7B904F182C99FFCDBAE7DAB /* [CP] Embed Pods Frameworks */,
			);
			buildRules = (
			);
			dependencies = (
			);
			name = "Tactil-Calm";
			productName = "Tactil-Calm";
			productReference = 8699B5762ECCC315006EFF73 /* Tactil-Calm.app */;
			productType = "com.apple.product-type.application";
		};
/* End PBXNativeTarget section */

/* Begin PBXProject section */
		8699B56E2ECCC315006EFF73 /* Project object */ = {
			isa = PBXProject;
			attributes = {
				BuildIndependentTargetsInParallel = 1;
				LastSwiftUpdateCheck = 1620;
				LastUpgradeCheck = 1620;
				TargetAttributes = {
					8699B5752ECCC315006EFF73 = {
						CreatedOnToolsVersion = 16.2;
					};
				};
			};
			buildConfigurationList = 8699B5712ECCC315006EFF73 /* Build configuration list for PBXProject "Tactil-Calm" */;
			developmentRegion = en;
			hasScannedForEncodings = 0;
			knownRegions = (
				en,
				Base,
			);
			mainGroup = 8699B56D2ECCC315006EFF73;
			minimizedProjectReferenceProxies = 1;
			preferredProjectObjectVersion = 77;
			productRefGroup = 8699B5772ECCC315006EFF73 /* Products */;
			projectDirPath = "";
			projectRoot = "";
			targets = (
				8699B5752ECCC315006EFF73 /* Tactil-Calm */,
			);
		};
/* End PBXProject section */

/* Begin PBXResourcesBuildPhase section */
		8699B5742ECCC315006EFF73 /* Resources */ = {
			isa = PBXResourcesBuildPhase;
			buildActionMask = 2147483647;
			files = (
				8699B58D2ECCC321006EFF73 /* Preview Assets.xcassets in Resources */,
				8699B58E2ECCC321006EFF73 /* Assets.xcassets in Resources */,
			);
			runOnlyForDeploymentPostprocessing = 0;
		};
/* End PBXResourcesBuildPhase section */

/* Begin PBXShellScriptBuildPhase section */
		191A5A1EFFA3A4FA4D186969 /* [CP] Check Pods Manifest.lock */ = {
			isa = PBXShellScriptBuildPhase;
			buildActionMask = 2147483647;
			files = (
			);
			inputFileListPaths = (
			);
			inputPaths = (
				"${PODS_PODFILE_DIR_PATH}/Podfile.lock",
				"${PODS_ROOT}/Manifest.lock",
			);
			name = "[CP] Check Pods Manifest.lock";
			outputFileListPaths = (
			);
			outputPaths = (
				"$(DERIVED_FILE_DIR)/Pods-Tactil-Calm-checkManifestLockResult.txt",
			);
			runOnlyForDeploymentPostprocessing = 0;
			shellPath = /bin/sh;
			shellScript = "diff \"${PODS_PODFILE_DIR_PATH}/Podfile.lock\" \"${PODS_ROOT}/Manifest.lock\" > /dev/null\nif [ $? != 0 ] ; then\n    # print error to STDERR\n    echo \"error: The sandbox is not in sync with the Podfile.lock. Run 'pod install' or update your CocoaPods installation.\" >&2\n    exit 1\nfi\n# This output is used by Xcode 'outputs' to avoid re-running this script phase.\necho \"SUCCESS\" > \"${SCRIPT_OUTPUT_FILE_0}\"\n";
			showEnvVarsInLog = 0;
		};
		C7B904F182C99FFCDBAE7DAB /* [CP] Embed Pods Frameworks */ = {
			isa = PBXShellScriptBuildPhase;
			buildActionMask = 2147483647;
			files = (
			);
			inputFileListPaths = (
				"${PODS_ROOT}/Target Support Files/Pods-Tactil-Calm/Pods-Tactil-Calm-frameworks-${CONFIGURATION}-input-files.xcfilelist",
			);
			name = "[CP] Embed Pods Frameworks";
			outputFileListPaths = (
				"${PODS_ROOT}/Target Support Files/Pods-Tactil-Calm/Pods-Tactil-Calm-frameworks-${CONFIGURATION}-output-files.xcfilelist",
			);
			runOnlyForDeploymentPostprocessing = 0;
			shellPath = /bin/sh;
			shellScript = "\"${PODS_ROOT}/Target Support Files/Pods-Tactil-Calm/Pods-Tactil-Calm-frameworks.sh\"\n";
			showEnvVarsInLog = 0;
		};
/* End PBXShellScriptBuildPhase section */

/* Begin PBXSourcesBuildPhase section */
		8699B5722ECCC315006EFF73 /* Sources */ = {
			isa = PBXSourcesBuildPhase;
			buildActionMask = 2147483647;
			files = (
				8699B58F2ECCC321006EFF73 /* ContentView.swift in Sources */,
				8699B5942ECCC6AC006EFF73 /* SliderView.swift in Sources */,
				8699B5922ECCC33C006EFF73 /* HapticManager.swift in Sources */,
				8699B5962ECCC6BF006EFF73 /* LockView.swift in Sources */,
				8699B5902ECCC321006EFF73 /* Tactil_CalmApp.swift in Sources */,
			);
			runOnlyForDeploymentPostprocessing = 0;
		};
/* End PBXSourcesBuildPhase section */

/* Begin XCBuildConfiguration section */
		8699B5822ECCC317006EFF73 /* Debug */ = {
			isa = XCBuildConfiguration;
			buildSettings = {
				ALWAYS_SEARCH_USER_PATHS = NO;
				ASSETCATALOG_COMPILER_GENERATE_SWIFT_ASSET_SYMBOL_EXTENSIONS = YES;
				CLANG_ANALYZER_NONNULL = YES;
				CLANG_ANALYZER_NUMBER_OBJECT_CONVERSION = YES_AGGRESSIVE;
				CLANG_CXX_LANGUAGE_STANDARD = "gnu++20";
				CLANG_ENABLE_MODULES = YES;
				CLANG_ENABLE_OBJC_ARC = YES;
				CLANG_ENABLE_OBJC_WEAK = YES;
				CLANG_WARN_BLOCK_CAPTURE_AUTORELEASING = YES;
				CLANG_WARN_BOOL_CONVERSION = YES;
				CLANG_WARN_COMMA = YES;
				CLANG_WARN_CONSTANT_CONVERSION = YES;
				CLANG_WARN_DEPRECATED_OBJC_IMPLEMENTATIONS = YES;
				CLANG_WARN_DIRECT_OBJC_ISA_USAGE = YES_ERROR;
				CLANG_WARN_DOCUMENTATION_COMMENTS = YES;
				CLANG_WARN_EMPTY_BODY = YES;
				CLANG_WARN_ENUM_CONVERSION = YES;
				CLANG_WARN_INFINITE_RECURSION = YES;
				CLANG_WARN_INT_CONVERSION = YES;
				CLANG_WARN_NON_LITERAL_NULL_CONVERSION = YES;
				CLANG_WARN_OBJC_IMPLICIT_RETAIN_SELF = YES;
				CLANG_WARN_OBJC_LITERAL_CONVERSION = YES;
				CLANG_WARN_OBJC_ROOT_CLASS = YES_ERROR;
				CLANG_WARN_QUOTED_INCLUDE_IN_FRAMEWORK_HEADER = YES;
				CLANG_WARN_RANGE_LOOP_ANALYSIS = YES;
				CLANG_WARN_STRICT_PROTOTYPES = YES;
				CLANG_WARN_SUSPICIOUS_MOVE = YES;
				CLANG_WARN_UNGUARDED_AVAILABILITY = YES_AGGRESSIVE;
				CLANG_WARN_UNREACHABLE_CODE = YES;
				CLANG_WARN__DUPLICATE_METHOD_MATCH = YES;
				COPY_PHASE_STRIP = NO;
				DEBUG_INFORMATION_FORMAT = dwarf;
				ENABLE_STRICT_OBJC_MSGSEND = YES;
				ENABLE_TESTABILITY = YES;
				ENABLE_USER_SCRIPT_SANDBOXING = YES;
				GCC_C_LANGUAGE_STANDARD = gnu17;
				GCC_DYNAMIC_NO_PIC = NO;
				GCC_NO_COMMON_BLOCKS = YES;
				GCC_OPTIMIZATION_LEVEL = 0;
				GCC_PREPROCESSOR_DEFINITIONS = (
					"DEBUG=1",
					"$(inherited)",
				);
				GCC_WARN_64_TO_32_BIT_CONVERSION = YES;
				GCC_WARN_ABOUT_RETURN_TYPE = YES_ERROR;
				GCC_WARN_UNDECLARED_SELECTOR = YES;
				GCC_WARN_UNINITIALIZED_AUTOS = YES_AGGRESSIVE;
				GCC_WARN_UNUSED_FUNCTION = YES;
				GCC_WARN_UNUSED_VARIABLE = YES;
				IPHONEOS_DEPLOYMENT_TARGET = 18.2;
				LOCALIZATION_PREFERS_STRING_CATALOGS = YES;
				MTL_ENABLE_DEBUG_INFO = INCLUDE_SOURCE;
				MTL_FAST_MATH = YES;
				ONLY_ACTIVE_ARCH = YES;
				SDKROOT = iphoneos;
				SWIFT_ACTIVE_COMPILATION_CONDITIONS = "DEBUG $(inherited)";
				SWIFT_OPTIMIZATION_LEVEL = "-Onone";
			};
			name = Debug;
		};
		8699B5832ECCC317006EFF73 /* Release */ = {
			isa = XCBuildConfiguration;
			buildSettings = {
				ALWAYS_SEARCH_USER_PATHS = NO;
				ASSETCATALOG_COMPILER_GENERATE_SWIFT_ASSET_SYMBOL_EXTENSIONS = YES;
				CLANG_ANALYZER_NONNULL = YES;
				CLANG_ANALYZER_NUMBER_OBJECT_CONVERSION = YES_AGGRESSIVE;
				CLANG_CXX_LANGUAGE_STANDARD = "gnu++20";
				CLANG_ENABLE_MODULES = YES;
				CLANG_ENABLE_OBJC_ARC = YES;
				CLANG_ENABLE_OBJC_WEAK = YES;
				CLANG_WARN_BLOCK_CAPTURE_AUTORELEASING = YES;
				CLANG_WARN_BOOL_CONVERSION = YES;
				CLANG_WARN_COMMA = YES;
				CLANG_WARN_CONSTANT_CONVERSION = YES;
				CLANG_WARN_DEPRECATED_OBJC_IMPLEMENTATIONS = YES;
				CLANG_WARN_DIRECT_OBJC_ISA_USAGE = YES_ERROR;
				CLANG_WARN_DOCUMENTATION_COMMENTS = YES;
				CLANG_WARN_EMPTY_BODY = YES;
				CLANG_WARN_ENUM_CONVERSION = YES;
				CLANG_WARN_INFINITE_RECURSION = YES;
				CLANG_WARN_INT_CONVERSION = YES;
				CLANG_WARN_NON_LITERAL_NULL_CONVERSION = YES;
				CLANG_WARN_OBJC_IMPLICIT_RETAIN_SELF = YES;
				CLANG_WARN_OBJC_LITERAL_CONVERSION = YES;
				CLANG_WARN_OBJC_ROOT_CLASS = YES_ERROR;
				CLANG_WARN_QUOTED_INCLUDE_IN_FRAMEWORK_HEADER = YES;
				CLANG_WARN_RANGE_LOOP_ANALYSIS = YES;
				CLANG_WARN_STRICT_PROTOTYPES = YES;
				CLANG_WARN_SUSPICIOUS_MOVE = YES;
				CLANG_WARN_UNGUARDED_AVAILABILITY = YES_AGGRESSIVE;
				CLANG_WARN_UNREACHABLE_CODE = YES;
				CLANG_WARN__DUPLICATE_METHOD_MATCH = YES;
				COPY_PHASE_STRIP = NO;
				DEBUG_INFORMATION_FORMAT = "dwarf-with-dsym";
				ENABLE_NS_ASSERTIONS = NO;
				ENABLE_STRICT_OBJC_MSGSEND = YES;
				ENABLE_USER_SCRIPT_SANDBOXING = YES;
				GCC_C_LANGUAGE_STANDARD = gnu17;
				GCC_NO_COMMON_BLOCKS = YES;
				GCC_WARN_64_TO_32_BIT_CONVERSION = YES;
				GCC_WARN_ABOUT_RETURN_TYPE = YES_ERROR;
				GCC_WARN_UNDECLARED_SELECTOR = YES;
				GCC_WARN_UNINITIALIZED_AUTOS = YES_AGGRESSIVE;
				GCC_WARN_UNUSED_FUNCTION = YES;
				GCC_WARN_UNUSED_VARIABLE = YES;
				IPHONEOS_DEPLOYMENT_TARGET = 18.2;
				LOCALIZATION_PREFERS_STRING_CATALOGS = YES;
				MTL_ENABLE_DEBUG_INFO = NO;
				MTL_FAST_MATH = YES;
				SDKROOT = iphoneos;
				SWIFT_COMPILATION_MODE = wholemodule;
				VALIDATE_PRODUCT = YES;
			};
			name = Release;
		};
		8699B5852ECCC317006EFF73 /* Debug */ = {
			isa = XCBuildConfiguration;
			baseConfigurationReference = E1A1C2FA21D00009054CA798 /* Pods-Tactil-Calm.debug.xcconfig */;
			buildSettings = {
				ASSETCATALOG_COMPILER_APPICON_NAME = AppIcon;
				ASSETCATALOG_COMPILER_GLOBAL_ACCENT_COLOR_NAME = AccentColor;
				CODE_SIGN_STYLE = Automatic;
				CURRENT_PROJECT_VERSION = 1;
				DEVELOPMENT_ASSET_PATHS = "\"Tactil-Calm/Preview Content\"";
				ENABLE_PREVIEWS = YES;
				GENERATE_INFOPLIST_FILE = YES;
				INFOPLIST_KEY_UIApplicationSceneManifest_Generation = YES;
				INFOPLIST_KEY_UIApplicationSupportsIndirectInputEvents = YES;
				INFOPLIST_KEY_UILaunchScreen_Generation = YES;
				INFOPLIST_KEY_UISupportedInterfaceOrientations_iPad = "UIInterfaceOrientationPortrait UIInterfaceOrientationPortraitUpsideDown UIInterfaceOrientationLandscapeLeft UIInterfaceOrientationLandscapeRight";
				INFOPLIST_KEY_UISupportedInterfaceOrientations_iPhone = "UIInterfaceOrientationPortrait UIInterfaceOrientationLandscapeLeft UIInterfaceOrientationLandscapeRight";
				IPHONEOS_DEPLOYMENT_TARGET = 16.2;
				LD_RUNPATH_SEARCH_PATHS = (
					"$(inherited)",
					"@executable_path/Frameworks",
				);
				MARKETING_VERSION = 1.0;
				PRODUCT_BUNDLE_IDENTIFIER = "com.Tactil-Calm";
				PRODUCT_NAME = "$(TARGET_NAME)";
				SUPPORTED_PLATFORMS = "iphoneos iphonesimulator";
				SUPPORTS_MACCATALYST = NO;
				SUPPORTS_MAC_DESIGNED_FOR_IPHONE_IPAD = NO;
				SUPPORTS_XR_DESIGNED_FOR_IPHONE_IPAD = NO;
				SWIFT_EMIT_LOC_STRINGS = YES;
				SWIFT_VERSION = 5.0;
				TARGETED_DEVICE_FAMILY = 1;
			};
			name = Debug;
		};
		8699B5862ECCC317006EFF73 /* Release */ = {
			isa = XCBuildConfiguration;
			baseConfigurationReference = 1D3B1121F613A7F6BF98E5F9 /* Pods-Tactil-Calm.release.xcconfig */;
			buildSettings = {
				ASSETCATALOG_COMPILER_APPICON_NAME = AppIcon;
				ASSETCATALOG_COMPILER_GLOBAL_ACCENT_COLOR_NAME = AccentColor;
				CODE_SIGN_STYLE = Automatic;
				CURRENT_PROJECT_VERSION = 1;
				DEVELOPMENT_ASSET_PATHS = "\"Tactil-Calm/Preview Content\"";
				ENABLE_PREVIEWS = YES;
				GENERATE_INFOPLIST_FILE = YES;
				INFOPLIST_KEY_UIApplicationSceneManifest_Generation = YES;
				INFOPLIST_KEY_UIApplicationSupportsIndirectInputEvents = YES;
				INFOPLIST_KEY_UILaunchScreen_Generation = YES;
				INFOPLIST_KEY_UISupportedInterfaceOrientations_iPad = "UIInterfaceOrientationPortrait UIInterfaceOrientationPortraitUpsideDown UIInterfaceOrientationLandscapeLeft UIInterfaceOrientationLandscapeRight";
				INFOPLIST_KEY_UISupportedInterfaceOrientations_iPhone = "UIInterfaceOrientationPortrait UIInterfaceOrientationLandscapeLeft UIInterfaceOrientationLandscapeRight";
				IPHONEOS_DEPLOYMENT_TARGET = 16.2;
				LD_RUNPATH_SEARCH_PATHS = (
					"$(inherited)",
					"@executable_path/Frameworks",
				);
				MARKETING_VERSION = 1.0;
				PRODUCT_BUNDLE_IDENTIFIER = "com.Tactil-Calm";
				PRODUCT_NAME = "$(TARGET_NAME)";
				SUPPORTED_PLATFORMS = "iphoneos iphonesimulator";
				SUPPORTS_MACCATALYST = NO;
				SUPPORTS_MAC_DESIGNED_FOR_IPHONE_IPAD = NO;
				SUPPORTS_XR_DESIGNED_FOR_IPHONE_IPAD = NO;
				SWIFT_EMIT_LOC_STRINGS = YES;
				SWIFT_VERSION = 5.0;
				TARGETED_DEVICE_FAMILY = 1;
			};
			name = Release;
		};
/* End XCBuildConfiguration section */

/* Begin XCConfigurationList section */
		8699B5712ECCC315006EFF73 /* Build configuration list for PBXProject "Tactil-Calm" */ = {
			isa = XCConfigurationList;
			buildConfigurations = (
				8699B5822ECCC317006EFF73 /* Debug */,
				8699B5832ECCC317006EFF73 /* Release */,
			);
			defaultConfigurationIsVisible = 0;
			defaultConfigurationName = Release;
		};
		8699B5842ECCC317006EFF73 /* Build configuration list for PBXNativeTarget "Tactil-Calm" */ = {
			isa = XCConfigurationList;
			buildConfigurations = (
				8699B5852ECCC317006EFF73 /* Debug */,
				8699B5862ECCC317006EFF73 /* Release */,
			);
			defaultConfigurationIsVisible = 0;
			defaultConfigurationName = Release;
		};
/* End XCConfigurationList section */
	};
	rootObject = 8699B56E2ECCC315006EFF73 /* Project object */;
}
